
Microsoft Visual Studio Solution File, Format Version 12.00
# Visual Studio Version 17
VisualStudioVersion = 17.8.34511.84
MinimumVisualStudioVersion = 10.0.40219.1
Project("{9A19103F-16F7-4668-BE54-9A1E7A4F7556}") = "CodingTracker", "CodingTracker\CodingTracker.csproj", "{8747BCD3-2DF3-413C-8918-9364E9DCB02C}"
EndProject
Global
	GlobalSection(SolutionConfigurationPlatforms) = preSolution
		Debug|Any CPU = Debug|Any CPU
		Release|Any CPU = Release|Any CPU
	EndGlobalSection
	GlobalSection(ProjectConfigurationPlatforms) = postSolution
		{8747BCD3-2DF3-413C-8918-9364E9DCB02C}.Debug|Any CPU.ActiveCfg = Debug|Any CPU
		{8747BCD3-2DF3-413C-8918-9364E9DCB02C}.Debug|Any CPU.Build.0 = Debug|Any CPU
		{8747BCD3-2DF3-413C-8918-9364E9DCB02C}.Release|Any CPU.ActiveCfg = Release|Any CPU
		{8747BCD3-2DF3-413C-8918-9364E9DCB02C}.Release|Any CPU.Build.0 = Release|Any CPU
	EndGlobalSection
	GlobalSection(SolutionProperties) = preSolution
		HideSolutionNode = FALSE
	EndGlobalSection
	GlobalSection(ExtensibilityGlobals) = postSolution
		SolutionGuid = {A06BDE55-FCA0-4642-AD62-B9E8298B36DA}
	EndGlobalSection
EndGlobal
